
Microsoft Visual Studio Solution File, Format Version 12.00
# Visual Studio 2012
Project("{FAE04EC0-301F-11D3-BF4B-00C04F79EFBC}") = "ObjectSerialization", "ObjectSerialization\ObjectSerialization.csproj", "{32D2BED8-AE96-4E80-A981-5188FEB260D4}"
EndProject
Project("{FAE04EC0-301F-11D3-BF4B-00C04F79EFBC}") = "ObjectSerialization.UT", "ObjectSerialization.UT\ObjectSerialization.UT.csproj", "{25015080-9E1B-49F2-9F1F-D22C1418B25F}"
EndProject
Project("{2150E333-8FDC-42A3-9474-1A3956D46DE8}") = "Solution Items", "Solution Items", "{9ED67244-9589-4908-9F8E-56EA1E7556CF}"
	ProjectSection(SolutionItems) = preProject
		Changelog.txt = Changelog.txt
		LICENSE.txt = LICENSE.txt
	EndProjectSection
EndProject
Project("{FAE04EC0-301F-11D3-BF4B-00C04F79EFBC}") = "ObjectSerialization.Performance", "ObjectSerialization.Performance\ObjectSerialization.Performance.csproj", "{724404A9-0638-4378-A0BC-D76B62FB0E3A}"
EndProject
Project("{FAE04EC0-301F-11D3-BF4B-00C04F79EFBC}") = "CodeBuilder", "..\CodeBuilder\CodeBuilder\CodeBuilder.csproj", "{22256B91-E772-40A0-BED3-AA6E10EEF1E5}"
EndProject
Project("{FAE04EC0-301F-11D3-BF4B-00C04F79EFBC}") = "CodeBuilder.UT", "..\CodeBuilder\CodeBuilder.UT\CodeBuilder.UT.csproj", "{900FC247-1330-4CBA-A1C7-A450993065C5}"
EndProject
Global
	GlobalSection(SolutionConfigurationPlatforms) = preSolution
		Debug|Any CPU = Debug|Any CPU
		Debug|Mixed Platforms = Debug|Mixed Platforms
		Debug|x86 = Debug|x86
		Release|Any CPU = Release|Any CPU
		Release|Mixed Platforms = Release|Mixed Platforms
		Release|x86 = Release|x86
	EndGlobalSection
	GlobalSection(ProjectConfigurationPlatforms) = postSolution
		{32D2BED8-AE96-4E80-A981-5188FEB260D4}.Debug|Any CPU.ActiveCfg = Debug|Any CPU
		{32D2BED8-AE96-4E80-A981-5188FEB260D4}.Debug|Any CPU.Build.0 = Debug|Any CPU
		{32D2BED8-AE96-4E80-A981-5188FEB260D4}.Debug|Mixed Platforms.ActiveCfg = Debug|Any CPU
		{32D2BED8-AE96-4E80-A981-5188FEB260D4}.Debug|Mixed Platforms.Build.0 = Debug|Any CPU
		{32D2BED8-AE96-4E80-A981-5188FEB260D4}.Debug|x86.ActiveCfg = Debug|Any CPU
		{32D2BED8-AE96-4E80-A981-5188FEB260D4}.Release|Any CPU.ActiveCfg = Release|Any CPU
		{32D2BED8-AE96-4E80-A981-5188FEB260D4}.Release|Any CPU.Build.0 = Release|Any CPU
		{32D2BED8-AE96-4E80-A981-5188FEB260D4}.Release|Mixed Platforms.ActiveCfg = Release|Any CPU
		{32D2BED8-AE96-4E80-A981-5188FEB260D4}.Release|Mixed Platforms.Build.0 = Release|Any CPU
		{32D2BED8-AE96-4E80-A981-5188FEB260D4}.Release|x86.ActiveCfg = Release|Any CPU
		{25015080-9E1B-49F2-9F1F-D22C1418B25F}.Debug|Any CPU.ActiveCfg = Debug|Any CPU
		{25015080-9E1B-49F2-9F1F-D22C1418B25F}.Debug|Any CPU.Build.0 = Debug|Any CPU
		{25015080-9E1B-49F2-9F1F-D22C1418B25F}.Debug|Mixed Platforms.ActiveCfg = Debug|Any CPU
		{25015080-9E1B-49F2-9F1F-D22C1418B25F}.Debug|Mixed Platforms.Build.0 = Debug|Any CPU
		{25015080-9E1B-49F2-9F1F-D22C1418B25F}.Debug|x86.ActiveCfg = Debug|Any CPU
		{25015080-9E1B-49F2-9F1F-D22C1418B25F}.Release|Any CPU.ActiveCfg = Release|Any CPU
		{25015080-9E1B-49F2-9F1F-D22C1418B25F}.Release|Any CPU.Build.0 = Release|Any CPU
		{25015080-9E1B-49F2-9F1F-D22C1418B25F}.Release|Mixed Platforms.ActiveCfg = Release|Any CPU
		{25015080-9E1B-49F2-9F1F-D22C1418B25F}.Release|Mixed Platforms.Build.0 = Release|Any CPU
		{25015080-9E1B-49F2-9F1F-D22C1418B25F}.Release|x86.ActiveCfg = Release|Any CPU
		{724404A9-0638-4378-A0BC-D76B62FB0E3A}.Debug|Any CPU.ActiveCfg = Debug|x86
		{724404A9-0638-4378-A0BC-D76B62FB0E3A}.Debug|Mixed Platforms.ActiveCfg = Debug|x86
		{724404A9-0638-4378-A0BC-D76B62FB0E3A}.Debug|Mixed Platforms.Build.0 = Debug|x86
		{724404A9-0638-4378-A0BC-D76B62FB0E3A}.Debug|x86.ActiveCfg = Debug|x86
		{724404A9-0638-4378-A0BC-D76B62FB0E3A}.Debug|x86.Build.0 = Debug|x86
		{724404A9-0638-4378-A0BC-D76B62FB0E3A}.Release|Any CPU.ActiveCfg = Release|x86
		{724404A9-0638-4378-A0BC-D76B62FB0E3A}.Release|Mixed Platforms.ActiveCfg = Release|x86
		{724404A9-0638-4378-A0BC-D76B62FB0E3A}.Release|Mixed Platforms.Build.0 = Release|x86
		{724404A9-0638-4378-A0BC-D76B62FB0E3A}.Release|x86.ActiveCfg = Release|x86
		{724404A9-0638-4378-A0BC-D76B62FB0E3A}.Release|x86.Build.0 = Release|x86
		{22256B91-E772-40A0-BED3-AA6E10EEF1E5}.Debug|Any CPU.ActiveCfg = Debug|Any CPU
		{22256B91-E772-40A0-BED3-AA6E10EEF1E5}.Debug|Any CPU.Build.0 = Debug|Any CPU
		{22256B91-E772-40A0-BED3-AA6E10EEF1E5}.Debug|Mixed Platforms.ActiveCfg = Debug|Any CPU
		{22256B91-E772-40A0-BED3-AA6E10EEF1E5}.Debug|Mixed Platforms.Build.0 = Debug|Any CPU
		{22256B91-E772-40A0-BED3-AA6E10EEF1E5}.Debug|x86.ActiveCfg = Debug|Any CPU
		{22256B91-E772-40A0-BED3-AA6E10EEF1E5}.Release|Any CPU.ActiveCfg = Release|Any CPU
		{22256B91-E772-40A0-BED3-AA6E10EEF1E5}.Release|Any CPU.Build.0 = Release|Any CPU
		{22256B91-E772-40A0-BED3-AA6E10EEF1E5}.Release|Mixed Platforms.ActiveCfg = Release|Any CPU
		{22256B91-E772-40A0-BED3-AA6E10EEF1E5}.Release|Mixed Platforms.Build.0 = Release|Any CPU
		{22256B91-E772-40A0-BED3-AA6E10EEF1E5}.Release|x86.ActiveCfg = Release|Any CPU
		{900FC247-1330-4CBA-A1C7-A450993065C5}.Debug|Any CPU.ActiveCfg = Debug|Any CPU
		{900FC247-1330-4CBA-A1C7-A450993065C5}.Debug|Any CPU.Build.0 = Debug|Any CPU
		{900FC247-1330-4CBA-A1C7-A450993065C5}.Debug|Mixed Platforms.ActiveCfg = Debug|Any CPU
		{900FC247-1330-4CBA-A1C7-A450993065C5}.Debug|Mixed Platforms.Build.0 = Debug|Any CPU
		{900FC247-1330-4CBA-A1C7-A450993065C5}.Debug|x86.ActiveCfg = Debug|Any CPU
		{900FC247-1330-4CBA-A1C7-A450993065C5}.Release|Any CPU.ActiveCfg = Release|Any CPU
		{900FC247-1330-4CBA-A1C7-A450993065C5}.Release|Any CPU.Build.0 = Release|Any CPU
		{900FC247-1330-4CBA-A1C7-A450993065C5}.Release|Mixed Platforms.ActiveCfg = Release|Any CPU
		{900FC247-1330-4CBA-A1C7-A450993065C5}.Release|Mixed Platforms.Build.0 = Release|Any CPU
		{900FC247-1330-4CBA-A1C7-A450993065C5}.Release|x86.ActiveCfg = Release|Any CPU
	EndGlobalSection
	GlobalSection(SolutionProperties) = preSolution
		HideSolutionNode = FALSE
	EndGlobalSection
EndGlobal
